
Microsoft Visual Studio Solution File, Format Version 12.00
# Visual Studio Version 16
VisualStudioVersion = 16.0.30503.244
MinimumVisualStudioVersion = 10.0.40219.1
Project("{FAE04EC0-301F-11D3-BF4B-00C04F79EFBC}") = "FootballBet.API", "FootballBet.API.csproj", "{C6472F06-548D-4398-96B6-949B9F7F0865}"
EndProject
Global
	GlobalSection(SolutionConfigurationPlatforms) = preSolution
		Debug|Any CPU = Debug|Any CPU
		Release|Any CPU = Release|Any CPU
	EndGlobalSection
	GlobalSection(ProjectConfigurationPlatforms) = postSolution
		{C6472F06-548D-4398-96B6-949B9F7F0865}.Debug|Any CPU.ActiveCfg = Debug|Any CPU
		{C6472F06-548D-4398-96B6-949B9F7F0865}.Debug|Any CPU.Build.0 = Debug|Any CPU
		{C6472F06-548D-4398-96B6-949B9F7F0865}.Release|Any CPU.ActiveCfg = Release|Any CPU
		{C6472F06-548D-4398-96B6-949B9F7F0865}.Release|Any CPU.Build.0 = Release|Any CPU
	EndGlobalSection
	GlobalSection(SolutionProperties) = preSolution
		HideSolutionNode = FALSE
	EndGlobalSection
	GlobalSection(ExtensibilityGlobals) = postSolution
		SolutionGuid = {09D440B0-2D99-4242-8DB4-64E229711F32}
	EndGlobalSection
EndGlobal
